// !$*UTF8*$!
{
	archiveVersion = 1;
	classes = {
	};
	objectVersion = 55;
	objects = {

/* Begin PBXBuildFile section */
		32DB387C27F3240C0033C3FA /* AppDelegate.swift in Sources */ = {isa = PBXBuildFile; fileRef = 32DB387B27F3240C0033C3FA /* AppDelegate.swift */; };
		32DB387E27F3240C0033C3FA /* SceneDelegate.swift in Sources */ = {isa = PBXBuildFile; fileRef = 32DB387D27F3240C0033C3FA /* SceneDelegate.swift */; };
		32DB388027F3240C0033C3FA /* MenuViewController.swift in Sources */ = {isa = PBXBuildFile; fileRef = 32DB387F27F3240C0033C3FA /* MenuViewController.swift */; };
		32DB388327F3240C0033C3FA /* Main.storyboard in Resources */ = {isa = PBXBuildFile; fileRef = 32DB388127F3240C0033C3FA /* Main.storyboard */; };
		32DB388527F3240E0033C3FA /* Assets.xcassets in Resources */ = {isa = PBXBuildFile; fileRef = 32DB388427F3240E0033C3FA /* Assets.xcassets */; };
		32DB388827F3240E0033C3FA /* LaunchScreen.storyboard in Resources */ = {isa = PBXBuildFile; fileRef = 32DB388627F3240E0033C3FA /* LaunchScreen.storyboard */; };
		32DB389027F32D9C0033C3FA /* Item.swift in Sources */ = {isa = PBXBuildFile; fileRef = 32DB388F27F32D9C0033C3FA /* Item.swift */; };
		32DB389227F32E260033C3FA /* Menu.swift in Sources */ = {isa = PBXBuildFile; fileRef = 32DB389127F32E260033C3FA /* Menu.swift */; };
		32DB389427F3301A0033C3FA /* Menus.swift in Sources */ = {isa = PBXBuildFile; fileRef = 32DB389327F3301A0033C3FA /* Menus.swift */; };
		32DB389A27F4780B0033C3FA /* Inter-Bold.ttf in Resources */ = {isa = PBXBuildFile; fileRef = 32DB389827F4780B0033C3FA /* Inter-Bold.ttf */; };
		32DB389B27F4780B0033C3FA /* Inter-Regular.ttf in Resources */ = {isa = PBXBuildFile; fileRef = 32DB389927F4780B0033C3FA /* Inter-Regular.ttf */; };
		32DB38A227F4C5420033C3FA /* MenuItemCollectionViewCell.swift in Sources */ = {isa = PBXBuildFile; fileRef = 32DB38A027F4C5420033C3FA /* MenuItemCollectionViewCell.swift */; };
		32DB38A327F4C5420033C3FA /* MenuItemCollectionViewCell.xib in Resources */ = {isa = PBXBuildFile; fileRef = 32DB38A127F4C5420033C3FA /* MenuItemCollectionViewCell.xib */; };
		32DB38A627F4C6010033C3FA /* MenuSectionTableViewCell.swift in Sources */ = {isa = PBXBuildFile; fileRef = 32DB38A427F4C6010033C3FA /* MenuSectionTableViewCell.swift */; };
		32DB38A727F4C6010033C3FA /* MenuSectionTableViewCell.xib in Resources */ = {isa = PBXBuildFile; fileRef = 32DB38A527F4C6010033C3FA /* MenuSectionTableViewCell.xib */; };
		539FB5B785B7DF336254AE88 /* Pods_TrioMenuApp.framework in Frameworks */ = {isa = PBXBuildFile; fileRef = 21FC941ED9274A8C94F92BFF /* Pods_TrioMenuApp.framework */; };
/* End PBXBuildFile section */

/* Begin PBXFileReference section */
		12FB3A13703760D4D337B9FC /* Pods-TrioMenuApp.debug.xcconfig */ = {isa = PBXFileReference; includeInIndex = 1; lastKnownFileType = text.xcconfig; name = "Pods-TrioMenuApp.debug.xcconfig"; path = "Target Support Files/Pods-TrioMenuApp/Pods-TrioMenuApp.debug.xcconfig"; sourceTree = "<group>"; };
		21FC941ED9274A8C94F92BFF /* Pods_TrioMenuApp.framework */ = {isa = PBXFileReference; explicitFileType = wrapper.framework; includeInIndex = 0; path = Pods_TrioMenuApp.framework; sourceTree = BUILT_PRODUCTS_DIR; };
		32DB387827F3240C0033C3FA /* TrioMenuApp.app */ = {isa = PBXFileReference; explicitFileType = wrapper.application; includeInIndex = 0; path = TrioMenuApp.app; sourceTree = BUILT_PRODUCTS_DIR; };
		32DB387B27F3240C0033C3FA /* AppDelegate.swift */ = {isa = PBXFileReference; lastKnownFileType = sourcecode.swift; path = AppDelegate.swift; sourceTree = "<group>"; };
		32DB387D27F3240C0033C3FA /* SceneDelegate.swift */ = {isa = PBXFileReference; lastKnownFileType = sourcecode.swift; path = SceneDelegate.swift; sourceTree = "<group>"; };
		32DB387F27F3240C0033C3FA /* MenuViewController.swift */ = {isa = PBXFileReference; lastKnownFileType = sourcecode.swift; path = MenuViewController.swift; sourceTree = "<group>"; };
		32DB388227F3240C0033C3FA /* Base */ = {isa = PBXFileReference; lastKnownFileType = file.storyboard; name = Base; path = Base.lproj/Main.storyboard; sourceTree = "<group>"; };
		32DB388427F3240E0033C3FA /* Assets.xcassets */ = {isa = PBXFileReference; lastKnownFileType = folder.assetcatalog; path = Assets.xcassets; sourceTree = "<group>"; };
		32DB388727F3240E0033C3FA /* Base */ = {isa = PBXFileReference; lastKnownFileType = file.storyboard; name = Base; path = Base.lproj/LaunchScreen.storyboard; sourceTree = "<group>"; };
		32DB388927F3240E0033C3FA /* Info.plist */ = {isa = PBXFileReference; lastKnownFileType = text.plist.xml; path = Info.plist; sourceTree = "<group>"; };
		32DB388F27F32D9C0033C3FA /* Item.swift */ = {isa = PBXFileReference; lastKnownFileType = sourcecode.swift; path = Item.swift; sourceTree = "<group>"; };
		32DB389127F32E260033C3FA /* Menu.swift */ = {isa = PBXFileReference; lastKnownFileType = sourcecode.swift; path = Menu.swift; sourceTree = "<group>"; };
		32DB389327F3301A0033C3FA /* Menus.swift */ = {isa = PBXFileReference; lastKnownFileType = sourcecode.swift; path = Menus.swift; sourceTree = "<group>"; };
		32DB389827F4780B0033C3FA /* Inter-Bold.ttf */ = {isa = PBXFileReference; lastKnownFileType = file; path = "Inter-Bold.ttf"; sourceTree = "<group>"; };
		32DB389927F4780B0033C3FA /* Inter-Regular.ttf */ = {isa = PBXFileReference; lastKnownFileType = file; path = "Inter-Regular.ttf"; sourceTree = "<group>"; };
		32DB38A027F4C5420033C3FA /* MenuItemCollectionViewCell.swift */ = {isa = PBXFileReference; lastKnownFileType = sourcecode.swift; path = MenuItemCollectionViewCell.swift; sourceTree = "<group>"; };
		32DB38A127F4C5420033C3FA /* MenuItemCollectionViewCell.xib */ = {isa = PBXFileReference; lastKnownFileType = file.xib; path = MenuItemCollectionViewCell.xib; sourceTree = "<group>"; };
		32DB38A427F4C6010033C3FA /* MenuSectionTableViewCell.swift */ = {isa = PBXFileReference; lastKnownFileType = sourcecode.swift; path = MenuSectionTableViewCell.swift; sourceTree = "<group>"; };
		32DB38A527F4C6010033C3FA /* MenuSectionTableViewCell.xib */ = {isa = PBXFileReference; lastKnownFileType = file.xib; path = MenuSectionTableViewCell.xib; sourceTree = "<group>"; };
		EED0ACF81ABEF2E083568B05 /* Pods-TrioMenuApp.release.xcconfig */ = {isa = PBXFileReference; includeInIndex = 1; lastKnownFileType = text.xcconfig; name = "Pods-TrioMenuApp.release.xcconfig"; path = "Target Support Files/Pods-TrioMenuApp/Pods-TrioMenuApp.release.xcconfig"; sourceTree = "<group>"; };
/* End PBXFileReference section */

/* Begin PBXFrameworksBuildPhase section */
		32DB387527F3240C0033C3FA /* Frameworks */ = {
			isa = PBXFrameworksBuildPhase;
			buildActionMask = 2147483647;
			files = (
				539FB5B785B7DF336254AE88 /* Pods_TrioMenuApp.framework in Frameworks */,
			);
			runOnlyForDeploymentPostprocessing = 0;
		};
/* End PBXFrameworksBuildPhase section */

/* Begin PBXGroup section */
		1C696D9B89594FAAAAB75B57 /* Frameworks */ = {
			isa = PBXGroup;
			children = (
				21FC941ED9274A8C94F92BFF /* Pods_TrioMenuApp.framework */,
			);
			name = Frameworks;
			sourceTree = "<group>";
		};
		32DB386F27F3240C0033C3FA = {
			isa = PBXGroup;
			children = (
				32DB387A27F3240C0033C3FA /* TrioMenuApp */,
				32DB387927F3240C0033C3FA /* Products */,
				75E60528718A79C188D96BD6 /* Pods */,
				1C696D9B89594FAAAAB75B57 /* Frameworks */,
			);
			sourceTree = "<group>";
		};
		32DB387927F3240C0033C3FA /* Products */ = {
			isa = PBXGroup;
			children = (
				32DB387827F3240C0033C3FA /* TrioMenuApp.app */,
			);
			name = Products;
			sourceTree = "<group>";
		};
		32DB387A27F3240C0033C3FA /* TrioMenuApp */ = {
			isa = PBXGroup;
			children = (
				32DB387B27F3240C0033C3FA /* AppDelegate.swift */,
				32DB387D27F3240C0033C3FA /* SceneDelegate.swift */,
				32DB389627F36CFB0033C3FA /* Views */,
				32DB389527F36CEC0033C3FA /* Models */,
				32DB389727F477C80033C3FA /* Resources */,
				32DB388427F3240E0033C3FA /* Assets.xcassets */,
				32DB388627F3240E0033C3FA /* LaunchScreen.storyboard */,
				32DB388927F3240E0033C3FA /* Info.plist */,
			);
			path = TrioMenuApp;
			sourceTree = "<group>";
		};
		32DB389527F36CEC0033C3FA /* Models */ = {
			isa = PBXGroup;
			children = (
				32DB388F27F32D9C0033C3FA /* Item.swift */,
				32DB389127F32E260033C3FA /* Menu.swift */,
				32DB389327F3301A0033C3FA /* Menus.swift */,
			);
			path = Models;
			sourceTree = "<group>";
		};
		32DB389627F36CFB0033C3FA /* Views */ = {
			isa = PBXGroup;
			children = (
				32DB387F27F3240C0033C3FA /* MenuViewController.swift */,
				32DB388127F3240C0033C3FA /* Main.storyboard */,
				32DB38A427F4C6010033C3FA /* MenuSectionTableViewCell.swift */,
				32DB38A527F4C6010033C3FA /* MenuSectionTableViewCell.xib */,
				32DB38A027F4C5420033C3FA /* MenuItemCollectionViewCell.swift */,
				32DB38A127F4C5420033C3FA /* MenuItemCollectionViewCell.xib */,
			);
			path = Views;
			sourceTree = "<group>";
		};
		32DB389727F477C80033C3FA /* Resources */ = {
			isa = PBXGroup;
			children = (
				32DB389827F4780B0033C3FA /* Inter-Bold.ttf */,
				32DB389927F4780B0033C3FA /* Inter-Regular.ttf */,
			);
			path = Resources;
			sourceTree = "<group>";
		};
		75E60528718A79C188D96BD6 /* Pods */ = {
			isa = PBXGroup;
			children = (
				12FB3A13703760D4D337B9FC /* Pods-TrioMenuApp.debug.xcconfig */,
				EED0ACF81ABEF2E083568B05 /* Pods-TrioMenuApp.release.xcconfig */,
			);
			path = Pods;
			sourceTree = "<group>";
		};
/* End PBXGroup section */

/* Begin PBXNativeTarget section */
		32DB387727F3240C0033C3FA /* TrioMenuApp */ = {
			isa = PBXNativeTarget;
			buildConfigurationList = 32DB388C27F3240E0033C3FA /* Build configuration list for PBXNativeTarget "TrioMenuApp" */;
			buildPhases = (
				120C0CF84720BB25AEB5A293 /* [CP] Check Pods Manifest.lock */,
				32DB387427F3240C0033C3FA /* Sources */,
				32DB387527F3240C0033C3FA /* Frameworks */,
				32DB387627F3240C0033C3FA /* Resources */,
				D2C21CBDF1A318115889A0F8 /* [CP] Embed Pods Frameworks */,
			);
			buildRules = (
			);
			dependencies = (
			);
			name = TrioMenuApp;
			productName = TrioMenuApp;
			productReference = 32DB387827F3240C0033C3FA /* TrioMenuApp.app */;
			productType = "com.apple.product-type.application";
		};
/* End PBXNativeTarget section */

/* Begin PBXProject section */
		32DB387027F3240C0033C3FA /* Project object */ = {
			isa = PBXProject;
			attributes = {
				BuildIndependentTargetsInParallel = 1;
				LastSwiftUpdateCheck = 1330;
				LastUpgradeCheck = 1330;
				TargetAttributes = {
					32DB387727F3240C0033C3FA = {
						CreatedOnToolsVersion = 13.3;
					};
				};
			};
			buildConfigurationList = 32DB387327F3240C0033C3FA /* Build configuration list for PBXProject "TrioMenuApp" */;
			compatibilityVersion = "Xcode 13.0";
			developmentRegion = en;
			hasScannedForEncodings = 0;
			knownRegions = (
				en,
				Base,
			);
			mainGroup = 32DB386F27F3240C0033C3FA;
			productRefGroup = 32DB387927F3240C0033C3FA /* Products */;
			projectDirPath = "";
			projectRoot = "";
			targets = (
				32DB387727F3240C0033C3FA /* TrioMenuApp */,
			);
		};
/* End PBXProject section */

/* Begin PBXResourcesBuildPhase section */
		32DB387627F3240C0033C3FA /* Resources */ = {
			isa = PBXResourcesBuildPhase;
			buildActionMask = 2147483647;
			files = (
				32DB38A727F4C6010033C3FA /* MenuSectionTableViewCell.xib in Resources */,
				32DB388827F3240E0033C3FA /* LaunchScreen.storyboard in Resources */,
				32DB38A327F4C5420033C3FA /* MenuItemCollectionViewCell.xib in Resources */,
				32DB389B27F4780B0033C3FA /* Inter-Regular.ttf in Resources */,
				32DB388527F3240E0033C3FA /* Assets.xcassets in Resources */,
				32DB389A27F4780B0033C3FA /* Inter-Bold.ttf in Resources */,
				32DB388327F3240C0033C3FA /* Main.storyboard in Resources */,
			);
			runOnlyForDeploymentPostprocessing = 0;
		};
/* End PBXResourcesBuildPhase section */

/* Begin PBXShellScriptBuildPhase section */
		120C0CF84720BB25AEB5A293 /* [CP] Check Pods Manifest.lock */ = {
			isa = PBXShellScriptBuildPhase;
			buildActionMask = 2147483647;
			files = (
			);
			inputFileListPaths = (
			);
			inputPaths = (
				"${PODS_PODFILE_DIR_PATH}/Podfile.lock",
				"${PODS_ROOT}/Manifest.lock",
			);
			name = "[CP] Check Pods Manifest.lock";
			outputFileListPaths = (
			);
			outputPaths = (
				"$(DERIVED_FILE_DIR)/Pods-TrioMenuApp-checkManifestLockResult.txt",
			);
			runOnlyForDeploymentPostprocessing = 0;
			shellPath = /bin/sh;
			shellScript = "diff \"${PODS_PODFILE_DIR_PATH}/Podfile.lock\" \"${PODS_ROOT}/Manifest.lock\" > /dev/null\nif [ $? != 0 ] ; then\n    # print error to STDERR\n    echo \"error: The sandbox is not in sync with the Podfile.lock. Run 'pod install' or update your CocoaPods installation.\" >&2\n    exit 1\nfi\n# This output is used by Xcode 'outputs' to avoid re-running this script phase.\necho \"SUCCESS\" > \"${SCRIPT_OUTPUT_FILE_0}\"\n";
			showEnvVarsInLog = 0;
		};
		D2C21CBDF1A318115889A0F8 /* [CP] Embed Pods Frameworks */ = {
			isa = PBXShellScriptBuildPhase;
			buildActionMask = 2147483647;
			files = (
			);
			inputFileListPaths = (
				"${PODS_ROOT}/Target Support Files/Pods-TrioMenuApp/Pods-TrioMenuApp-frameworks-${CONFIGURATION}-input-files.xcfilelist",
			);
			name = "[CP] Embed Pods Frameworks";
			outputFileListPaths = (
				"${PODS_ROOT}/Target Support Files/Pods-TrioMenuApp/Pods-TrioMenuApp-frameworks-${CONFIGURATION}-output-files.xcfilelist",
			);
			runOnlyForDeploymentPostprocessing = 0;
			shellPath = /bin/sh;
			shellScript = "\"${PODS_ROOT}/Target Support Files/Pods-TrioMenuApp/Pods-TrioMenuApp-frameworks.sh\"\n";
			showEnvVarsInLog = 0;
		};
/* End PBXShellScriptBuildPhase section */

/* Begin PBXSourcesBuildPhase section */
		32DB387427F3240C0033C3FA /* Sources */ = {
			isa = PBXSourcesBuildPhase;
			buildActionMask = 2147483647;
			files = (
				32DB389027F32D9C0033C3FA /* Item.swift in Sources */,
				32DB388027F3240C0033C3FA /* MenuViewController.swift in Sources */,
				32DB38A227F4C5420033C3FA /* MenuItemCollectionViewCell.swift in Sources */,
				32DB389427F3301A0033C3FA /* Menus.swift in Sources */,
				32DB387C27F3240C0033C3FA /* AppDelegate.swift in Sources */,
				32DB387E27F3240C0033C3FA /* SceneDelegate.swift in Sources */,
				32DB389227F32E260033C3FA /* Menu.swift in Sources */,
				32DB38A627F4C6010033C3FA /* MenuSectionTableViewCell.swift in Sources */,
			);
			runOnlyForDeploymentPostprocessing = 0;
		};
/* End PBXSourcesBuildPhase section */

/* Begin PBXVariantGroup section */
		32DB388127F3240C0033C3FA /* Main.storyboard */ = {
			isa = PBXVariantGroup;
			children = (
				32DB388227F3240C0033C3FA /* Base */,
			);
			name = Main.storyboard;
			sourceTree = "<group>";
		};
		32DB388627F3240E0033C3FA /* LaunchScreen.storyboard */ = {
			isa = PBXVariantGroup;
			children = (
				32DB388727F3240E0033C3FA /* Base */,
			);
			name = LaunchScreen.storyboard;
			sourceTree = "<group>";
		};
/* End PBXVariantGroup section */

/* Begin XCBuildConfiguration section */
		32DB388A27F3240E0033C3FA /* Debug */ = {
			isa = XCBuildConfiguration;
			buildSettings = {
				ALWAYS_SEARCH_USER_PATHS = NO;
				CLANG_ANALYZER_NONNULL = YES;
				CLANG_ANALYZER_NUMBER_OBJECT_CONVERSION = YES_AGGRESSIVE;
				CLANG_CXX_LANGUAGE_STANDARD = "gnu++17";
				CLANG_ENABLE_MODULES = YES;
				CLANG_ENABLE_OBJC_ARC = YES;
				CLANG_ENABLE_OBJC_WEAK = YES;
				CLANG_WARN_BLOCK_CAPTURE_AUTORELEASING = YES;
				CLANG_WARN_BOOL_CONVERSION = YES;
				CLANG_WARN_COMMA = YES;
				CLANG_WARN_CONSTANT_CONVERSION = YES;
				CLANG_WARN_DEPRECATED_OBJC_IMPLEMENTATIONS = YES;
				CLANG_WARN_DIRECT_OBJC_ISA_USAGE = YES_ERROR;
				CLANG_WARN_DOCUMENTATION_COMMENTS = YES;
				CLANG_WARN_EMPTY_BODY = YES;
				CLANG_WARN_ENUM_CONVERSION = YES;
				CLANG_WARN_INFINITE_RECURSION = YES;
				CLANG_WARN_INT_CONVERSION = YES;
				CLANG_WARN_NON_LITERAL_NULL_CONVERSION = YES;
				CLANG_WARN_OBJC_IMPLICIT_RETAIN_SELF = YES;
				CLANG_WARN_OBJC_LITERAL_CONVERSION = YES;
				CLANG_WARN_OBJC_ROOT_CLASS = YES_ERROR;
				CLANG_WARN_QUOTED_INCLUDE_IN_FRAMEWORK_HEADER = YES;
				CLANG_WARN_RANGE_LOOP_ANALYSIS = YES;
				CLANG_WARN_STRICT_PROTOTYPES = YES;
				CLANG_WARN_SUSPICIOUS_MOVE = YES;
				CLANG_WARN_UNGUARDED_AVAILABILITY = YES_AGGRESSIVE;
				CLANG_WARN_UNREACHABLE_CODE = YES;
				CLANG_WARN__DUPLICATE_METHOD_MATCH = YES;
				COPY_PHASE_STRIP = NO;
				DEBUG_INFORMATION_FORMAT = dwarf;
				ENABLE_STRICT_OBJC_MSGSEND = YES;
				ENABLE_TESTABILITY = YES;
				GCC_C_LANGUAGE_STANDARD = gnu11;
				GCC_DYNAMIC_NO_PIC = NO;
				GCC_NO_COMMON_BLOCKS = YES;
				GCC_OPTIMIZATION_LEVEL = 0;
				GCC_PREPROCESSOR_DEFINITIONS = (
					"DEBUG=1",
					"$(inherited)",
				);
				GCC_WARN_64_TO_32_BIT_CONVERSION = YES;
				GCC_WARN_ABOUT_RETURN_TYPE = YES_ERROR;
				GCC_WARN_UNDECLARED_SELECTOR = YES;
				GCC_WARN_UNINITIALIZED_AUTOS = YES_AGGRESSIVE;
				GCC_WARN_UNUSED_FUNCTION = YES;
				GCC_WARN_UNUSED_VARIABLE = YES;
				IPHONEOS_DEPLOYMENT_TARGET = 15.4;
				MTL_ENABLE_DEBUG_INFO = INCLUDE_SOURCE;
				MTL_FAST_MATH = YES;
				ONLY_ACTIVE_ARCH = YES;
				SDKROOT = iphoneos;
				SWIFT_ACTIVE_COMPILATION_CONDITIONS = DEBUG;
				SWIFT_OPTIMIZATION_LEVEL = "-Onone";
			};
			name = Debug;
		};
		32DB388B27F3240E0033C3FA /* Release */ = {
			isa = XCBuildConfiguration;
			buildSettings = {
				ALWAYS_SEARCH_USER_PATHS = NO;
				CLANG_ANALYZER_NONNULL = YES;
				CLANG_ANALYZER_NUMBER_OBJECT_CONVERSION = YES_AGGRESSIVE;
				CLANG_CXX_LANGUAGE_STANDARD = "gnu++17";
				CLANG_ENABLE_MODULES = YES;
				CLANG_ENABLE_OBJC_ARC = YES;
				CLANG_ENABLE_OBJC_WEAK = YES;
				CLANG_WARN_BLOCK_CAPTURE_AUTORELEASING = YES;
				CLANG_WARN_BOOL_CONVERSION = YES;
				CLANG_WARN_COMMA = YES;
				CLANG_WARN_CONSTANT_CONVERSION = YES;
				CLANG_WARN_DEPRECATED_OBJC_IMPLEMENTATIONS = YES;
				CLANG_WARN_DIRECT_OBJC_ISA_USAGE = YES_ERROR;
				CLANG_WARN_DOCUMENTATION_COMMENTS = YES;
				CLANG_WARN_EMPTY_BODY = YES;
				CLANG_WARN_ENUM_CONVERSION = YES;
				CLANG_WARN_INFINITE_RECURSION = YES;
				CLANG_WARN_INT_CONVERSION = YES;
				CLANG_WARN_NON_LITERAL_NULL_CONVERSION = YES;
				CLANG_WARN_OBJC_IMPLICIT_RETAIN_SELF = YES;
				CLANG_WARN_OBJC_LITERAL_CONVERSION = YES;
				CLANG_WARN_OBJC_ROOT_CLASS = YES_ERROR;
				CLANG_WARN_QUOTED_INCLUDE_IN_FRAMEWORK_HEADER = YES;
				CLANG_WARN_RANGE_LOOP_ANALYSIS = YES;
				CLANG_WARN_STRICT_PROTOTYPES = YES;
				CLANG_WARN_SUSPICIOUS_MOVE = YES;
				CLANG_WARN_UNGUARDED_AVAILABILITY = YES_AGGRESSIVE;
				CLANG_WARN_UNREACHABLE_CODE = YES;
				CLANG_WARN__DUPLICATE_METHOD_MATCH = YES;
				COPY_PHASE_STRIP = NO;
				DEBUG_INFORMATION_FORMAT = "dwarf-with-dsym";
				ENABLE_NS_ASSERTIONS = NO;
				ENABLE_STRICT_OBJC_MSGSEND = YES;
				GCC_C_LANGUAGE_STANDARD = gnu11;
				GCC_NO_COMMON_BLOCKS = YES;
				GCC_WARN_64_TO_32_BIT_CONVERSION = YES;
				GCC_WARN_ABOUT_RETURN_TYPE = YES_ERROR;
				GCC_WARN_UNDECLARED_SELECTOR = YES;
				GCC_WARN_UNINITIALIZED_AUTOS = YES_AGGRESSIVE;
				GCC_WARN_UNUSED_FUNCTION = YES;
				GCC_WARN_UNUSED_VARIABLE = YES;
				IPHONEOS_DEPLOYMENT_TARGET = 15.4;
				MTL_ENABLE_DEBUG_INFO = NO;
				MTL_FAST_MATH = YES;
				SDKROOT = iphoneos;
				SWIFT_COMPILATION_MODE = wholemodule;
				SWIFT_OPTIMIZATION_LEVEL = "-O";
				VALIDATE_PRODUCT = YES;
			};
			name = Release;
		};
		32DB388D27F3240E0033C3FA /* Debug */ = {
			isa = XCBuildConfiguration;
			baseConfigurationReference = 12FB3A13703760D4D337B9FC /* Pods-TrioMenuApp.debug.xcconfig */;
			buildSettings = {
				ASSETCATALOG_COMPILER_APPICON_NAME = AppIcon;
				ASSETCATALOG_COMPILER_GLOBAL_ACCENT_COLOR_NAME = AccentColor;
				CODE_SIGN_STYLE = Automatic;
				CURRENT_PROJECT_VERSION = 1;
				DEVELOPMENT_TEAM = XQ28PGR82S;
				GENERATE_INFOPLIST_FILE = YES;
				INFOPLIST_FILE = TrioMenuApp/Info.plist;
				INFOPLIST_KEY_UIApplicationSupportsIndirectInputEvents = YES;
				INFOPLIST_KEY_UILaunchStoryboardName = LaunchScreen;
				INFOPLIST_KEY_UIMainStoryboardFile = Main;
				INFOPLIST_KEY_UISupportedInterfaceOrientations_iPad = "UIInterfaceOrientationPortrait UIInterfaceOrientationPortraitUpsideDown UIInterfaceOrientationLandscapeLeft UIInterfaceOrientationLandscapeRight";
				INFOPLIST_KEY_UISupportedInterfaceOrientations_iPhone = "UIInterfaceOrientationPortrait UIInterfaceOrientationLandscapeLeft UIInterfaceOrientationLandscapeRight";
				LD_RUNPATH_SEARCH_PATHS = (
					"$(inherited)",
					"@executable_path/Frameworks",
				);
				MARKETING_VERSION = 1.0;
				PRODUCT_BUNDLE_IDENTIFIER = com.renanmuller.TrioMenuApp;
				PRODUCT_NAME = "$(TARGET_NAME)";
				SWIFT_EMIT_LOC_STRINGS = YES;
				SWIFT_VERSION = 5.0;
				TARGETED_DEVICE_FAMILY = "1,2";
			};
			name = Debug;
		};
		32DB388E27F3240E0033C3FA /* Release */ = {
			isa = XCBuildConfiguration;
			baseConfigurationReference = EED0ACF81ABEF2E083568B05 /* Pods-TrioMenuApp.release.xcconfig */;
			buildSettings = {
				ASSETCATALOG_COMPILER_APPICON_NAME = AppIcon;
				ASSETCATALOG_COMPILER_GLOBAL_ACCENT_COLOR_NAME = AccentColor;
				CODE_SIGN_STYLE = Automatic;
				CURRENT_PROJECT_VERSION = 1;
				DEVELOPMENT_TEAM = XQ28PGR82S;
				GENERATE_INFOPLIST_FILE = YES;
				INFOPLIST_FILE = TrioMenuApp/Info.plist;
				INFOPLIST_KEY_UIApplicationSupportsIndirectInputEvents = YES;
				INFOPLIST_KEY_UILaunchStoryboardName = LaunchScreen;
				INFOPLIST_KEY_UIMainStoryboardFile = Main;
				INFOPLIST_KEY_UISupportedInterfaceOrientations_iPad = "UIInterfaceOrientationPortrait UIInterfaceOrientationPortraitUpsideDown UIInterfaceOrientationLandscapeLeft UIInterfaceOrientationLandscapeRight";
				INFOPLIST_KEY_UISupportedInterfaceOrientations_iPhone = "UIInterfaceOrientationPortrait UIInterfaceOrientationLandscapeLeft UIInterfaceOrientationLandscapeRight";
				LD_RUNPATH_SEARCH_PATHS = (
					"$(inherited)",
					"@executable_path/Frameworks",
				);
				MARKETING_VERSION = 1.0;
				PRODUCT_BUNDLE_IDENTIFIER = com.renanmuller.TrioMenuApp;
				PRODUCT_NAME = "$(TARGET_NAME)";
				SWIFT_EMIT_LOC_STRINGS = YES;
				SWIFT_VERSION = 5.0;
				TARGETED_DEVICE_FAMILY = "1,2";
			};
			name = Release;
		};
/* End XCBuildConfiguration section */

/* Begin XCConfigurationList section */
		32DB387327F3240C0033C3FA /* Build configuration list for PBXProject "TrioMenuApp" */ = {
			isa = XCConfigurationList;
			buildConfigurations = (
				32DB388A27F3240E0033C3FA /* Debug */,
				32DB388B27F3240E0033C3FA /* Release */,
			);
			defaultConfigurationIsVisible = 0;
			defaultConfigurationName = Release;
		};
		32DB388C27F3240E0033C3FA /* Build configuration list for PBXNativeTarget "TrioMenuApp" */ = {
			isa = XCConfigurationList;
			buildConfigurations = (
				32DB388D27F3240E0033C3FA /* Debug */,
				32DB388E27F3240E0033C3FA /* Release */,
			);
			defaultConfigurationIsVisible = 0;
			defaultConfigurationName = Release;
		};
/* End XCConfigurationList section */
	};
	rootObject = 32DB387027F3240C0033C3FA /* Project object */;
}
