// !$*UTF8*$!
{
	archiveVersion = 1;
	classes = {
	};
	objectVersion = 55;
	objects = {

/* Begin PBXBuildFile section */
		32DB382E27F26F1C0033C3FA /* AppDelegate.swift in Sources */ = {isa = PBXBuildFile; fileRef = 32DB382D27F26F1C0033C3FA /* AppDelegate.swift */; };
		32DB383027F26F1C0033C3FA /* SceneDelegate.swift in Sources */ = {isa = PBXBuildFile; fileRef = 32DB382F27F26F1C0033C3FA /* SceneDelegate.swift */; };
		32DB383227F26F1C0033C3FA /* ViewController.swift in Sources */ = {isa = PBXBuildFile; fileRef = 32DB383127F26F1C0033C3FA /* ViewController.swift */; };
		32DB383527F26F1C0033C3FA /* Main.storyboard in Resources */ = {isa = PBXBuildFile; fileRef = 32DB383327F26F1C0033C3FA /* Main.storyboard */; };
		32DB383727F26F1E0033C3FA /* Assets.xcassets in Resources */ = {isa = PBXBuildFile; fileRef = 32DB383627F26F1E0033C3FA /* Assets.xcassets */; };
		32DB383A27F26F1E0033C3FA /* LaunchScreen.storyboard in Resources */ = {isa = PBXBuildFile; fileRef = 32DB383827F26F1E0033C3FA /* LaunchScreen.storyboard */; };
		D2898630FF66EAEE36AA11EE /* Pods_trio_menu_app.framework in Frameworks */ = {isa = PBXBuildFile; fileRef = 4FDA44970B6128D17BC1E9C5 /* Pods_trio_menu_app.framework */; };
/* End PBXBuildFile section */

/* Begin PBXFileReference section */
		2FC2647FBC10BDA8DE0F35E7 /* Pods-trio-menu-app.release.xcconfig */ = {isa = PBXFileReference; includeInIndex = 1; lastKnownFileType = text.xcconfig; name = "Pods-trio-menu-app.release.xcconfig"; path = "Target Support Files/Pods-trio-menu-app/Pods-trio-menu-app.release.xcconfig"; sourceTree = "<group>"; };
		32DB382A27F26F1C0033C3FA /* trio-menu-app.app */ = {isa = PBXFileReference; explicitFileType = wrapper.application; includeInIndex = 0; path = "trio-menu-app.app"; sourceTree = BUILT_PRODUCTS_DIR; };
		32DB382D27F26F1C0033C3FA /* AppDelegate.swift */ = {isa = PBXFileReference; lastKnownFileType = sourcecode.swift; path = AppDelegate.swift; sourceTree = "<group>"; };
		32DB382F27F26F1C0033C3FA /* SceneDelegate.swift */ = {isa = PBXFileReference; lastKnownFileType = sourcecode.swift; path = SceneDelegate.swift; sourceTree = "<group>"; };
		32DB383127F26F1C0033C3FA /* ViewController.swift */ = {isa = PBXFileReference; lastKnownFileType = sourcecode.swift; path = ViewController.swift; sourceTree = "<group>"; };
		32DB383427F26F1C0033C3FA /* Base */ = {isa = PBXFileReference; lastKnownFileType = file.storyboard; name = Base; path = Base.lproj/Main.storyboard; sourceTree = "<group>"; };
		32DB383627F26F1E0033C3FA /* Assets.xcassets */ = {isa = PBXFileReference; lastKnownFileType = folder.assetcatalog; path = Assets.xcassets; sourceTree = "<group>"; };
		32DB383927F26F1E0033C3FA /* Base */ = {isa = PBXFileReference; lastKnownFileType = file.storyboard; name = Base; path = Base.lproj/LaunchScreen.storyboard; sourceTree = "<group>"; };
		32DB383B27F26F1E0033C3FA /* Info.plist */ = {isa = PBXFileReference; lastKnownFileType = text.plist.xml; path = Info.plist; sourceTree = "<group>"; };
		4FDA44970B6128D17BC1E9C5 /* Pods_trio_menu_app.framework */ = {isa = PBXFileReference; explicitFileType = wrapper.framework; includeInIndex = 0; path = Pods_trio_menu_app.framework; sourceTree = BUILT_PRODUCTS_DIR; };
		7946385146802D05180C995C /* Pods-trio-menu-app.debug.xcconfig */ = {isa = PBXFileReference; includeInIndex = 1; lastKnownFileType = text.xcconfig; name = "Pods-trio-menu-app.debug.xcconfig"; path = "Target Support Files/Pods-trio-menu-app/Pods-trio-menu-app.debug.xcconfig"; sourceTree = "<group>"; };
/* End PBXFileReference section */

/* Begin PBXFrameworksBuildPhase section */
		32DB382727F26F1C0033C3FA /* Frameworks */ = {
			isa = PBXFrameworksBuildPhase;
			buildActionMask = 2147483647;
			files = (
				D2898630FF66EAEE36AA11EE /* Pods_trio_menu_app.framework in Frameworks */,
			);
			runOnlyForDeploymentPostprocessing = 0;
		};
/* End PBXFrameworksBuildPhase section */

/* Begin PBXGroup section */
		32DB382127F26F1C0033C3FA = {
			isa = PBXGroup;
			children = (
				32DB382C27F26F1C0033C3FA /* trio-menu-app */,
				32DB382B27F26F1C0033C3FA /* Products */,
				4DA7D1032DA19F87CD37529B /* Pods */,
				E1FDDDFD9FAB84B481765FAF /* Frameworks */,
			);
			sourceTree = "<group>";
		};
		32DB382B27F26F1C0033C3FA /* Products */ = {
			isa = PBXGroup;
			children = (
				32DB382A27F26F1C0033C3FA /* trio-menu-app.app */,
			);
			name = Products;
			sourceTree = "<group>";
		};
		32DB382C27F26F1C0033C3FA /* trio-menu-app */ = {
			isa = PBXGroup;
			children = (
				32DB382D27F26F1C0033C3FA /* AppDelegate.swift */,
				32DB382F27F26F1C0033C3FA /* SceneDelegate.swift */,
				32DB383127F26F1C0033C3FA /* ViewController.swift */,
				32DB383327F26F1C0033C3FA /* Main.storyboard */,
				32DB383627F26F1E0033C3FA /* Assets.xcassets */,
				32DB383827F26F1E0033C3FA /* LaunchScreen.storyboard */,
				32DB383B27F26F1E0033C3FA /* Info.plist */,
			);
			path = "trio-menu-app";
			sourceTree = "<group>";
		};
		4DA7D1032DA19F87CD37529B /* Pods */ = {
			isa = PBXGroup;
			children = (
				7946385146802D05180C995C /* Pods-trio-menu-app.debug.xcconfig */,
				2FC2647FBC10BDA8DE0F35E7 /* Pods-trio-menu-app.release.xcconfig */,
			);
			name = Pods;
			path = Pods;
			sourceTree = "<group>";
		};
		E1FDDDFD9FAB84B481765FAF /* Frameworks */ = {
			isa = PBXGroup;
			children = (
				4FDA44970B6128D17BC1E9C5 /* Pods_trio_menu_app.framework */,
			);
			name = Frameworks;
			sourceTree = "<group>";
		};
/* End PBXGroup section */

/* Begin PBXNativeTarget section */
		32DB382927F26F1C0033C3FA /* trio-menu-app */ = {
			isa = PBXNativeTarget;
			buildConfigurationList = 32DB383E27F26F1E0033C3FA /* Build configuration list for PBXNativeTarget "trio-menu-app" */;
			buildPhases = (
				61B6A9493E6E8492EE865A7B /* [CP] Check Pods Manifest.lock */,
				32DB382627F26F1C0033C3FA /* Sources */,
				32DB382727F26F1C0033C3FA /* Frameworks */,
				32DB382827F26F1C0033C3FA /* Resources */,
				8DBC4FA19651588F5BFF0DA5 /* [CP] Embed Pods Frameworks */,
			);
			buildRules = (
			);
			dependencies = (
			);
			name = "trio-menu-app";
			productName = "trio-menu-app";
			productReference = 32DB382A27F26F1C0033C3FA /* trio-menu-app.app */;
			productType = "com.apple.product-type.application";
		};
/* End PBXNativeTarget section */

/* Begin PBXProject section */
		32DB382227F26F1C0033C3FA /* Project object */ = {
			isa = PBXProject;
			attributes = {
				BuildIndependentTargetsInParallel = 1;
				LastSwiftUpdateCheck = 1330;
				LastUpgradeCheck = 1330;
				TargetAttributes = {
					32DB382927F26F1C0033C3FA = {
						CreatedOnToolsVersion = 13.3;
					};
				};
			};
			buildConfigurationList = 32DB382527F26F1C0033C3FA /* Build configuration list for PBXProject "trio-menu-app" */;
			compatibilityVersion = "Xcode 13.0";
			developmentRegion = en;
			hasScannedForEncodings = 0;
			knownRegions = (
				en,
				Base,
			);
			mainGroup = 32DB382127F26F1C0033C3FA;
			productRefGroup = 32DB382B27F26F1C0033C3FA /* Products */;
			projectDirPath = "";
			projectRoot = "";
			targets = (
				32DB382927F26F1C0033C3FA /* trio-menu-app */,
			);
		};
/* End PBXProject section */

/* Begin PBXResourcesBuildPhase section */
		32DB382827F26F1C0033C3FA /* Resources */ = {
			isa = PBXResourcesBuildPhase;
			buildActionMask = 2147483647;
			files = (
				32DB383A27F26F1E0033C3FA /* LaunchScreen.storyboard in Resources */,
				32DB383727F26F1E0033C3FA /* Assets.xcassets in Resources */,
				32DB383527F26F1C0033C3FA /* Main.storyboard in Resources */,
			);
			runOnlyForDeploymentPostprocessing = 0;
		};
/* End PBXResourcesBuildPhase section */

/* Begin PBXShellScriptBuildPhase section */
		61B6A9493E6E8492EE865A7B /* [CP] Check Pods Manifest.lock */ = {
			isa = PBXShellScriptBuildPhase;
			buildActionMask = 2147483647;
			files = (
			);
			inputFileListPaths = (
			);
			inputPaths = (
				"${PODS_PODFILE_DIR_PATH}/Podfile.lock",
				"${PODS_ROOT}/Manifest.lock",
			);
			name = "[CP] Check Pods Manifest.lock";
			outputFileListPaths = (
			);
			outputPaths = (
				"$(DERIVED_FILE_DIR)/Pods-trio-menu-app-checkManifestLockResult.txt",
			);
			runOnlyForDeploymentPostprocessing = 0;
			shellPath = /bin/sh;
			shellScript = "diff \"${PODS_PODFILE_DIR_PATH}/Podfile.lock\" \"${PODS_ROOT}/Manifest.lock\" > /dev/null\nif [ $? != 0 ] ; then\n    # print error to STDERR\n    echo \"error: The sandbox is not in sync with the Podfile.lock. Run 'pod install' or update your CocoaPods installation.\" >&2\n    exit 1\nfi\n# This output is used by Xcode 'outputs' to avoid re-running this script phase.\necho \"SUCCESS\" > \"${SCRIPT_OUTPUT_FILE_0}\"\n";
			showEnvVarsInLog = 0;
		};
		8DBC4FA19651588F5BFF0DA5 /* [CP] Embed Pods Frameworks */ = {
			isa = PBXShellScriptBuildPhase;
			buildActionMask = 2147483647;
			files = (
			);
			inputFileListPaths = (
				"${PODS_ROOT}/Target Support Files/Pods-trio-menu-app/Pods-trio-menu-app-frameworks-${CONFIGURATION}-input-files.xcfilelist",
			);
			name = "[CP] Embed Pods Frameworks";
			outputFileListPaths = (
				"${PODS_ROOT}/Target Support Files/Pods-trio-menu-app/Pods-trio-menu-app-frameworks-${CONFIGURATION}-output-files.xcfilelist",
			);
			runOnlyForDeploymentPostprocessing = 0;
			shellPath = /bin/sh;
			shellScript = "\"${PODS_ROOT}/Target Support Files/Pods-trio-menu-app/Pods-trio-menu-app-frameworks.sh\"\n";
			showEnvVarsInLog = 0;
		};
/* End PBXShellScriptBuildPhase section */

/* Begin PBXSourcesBuildPhase section */
		32DB382627F26F1C0033C3FA /* Sources */ = {
			isa = PBXSourcesBuildPhase;
			buildActionMask = 2147483647;
			files = (
				32DB383227F26F1C0033C3FA /* ViewController.swift in Sources */,
				32DB382E27F26F1C0033C3FA /* AppDelegate.swift in Sources */,
				32DB383027F26F1C0033C3FA /* SceneDelegate.swift in Sources */,
			);
			runOnlyForDeploymentPostprocessing = 0;
		};
/* End PBXSourcesBuildPhase section */

/* Begin PBXVariantGroup section */
		32DB383327F26F1C0033C3FA /* Main.storyboard */ = {
			isa = PBXVariantGroup;
			children = (
				32DB383427F26F1C0033C3FA /* Base */,
			);
			name = Main.storyboard;
			sourceTree = "<group>";
		};
		32DB383827F26F1E0033C3FA /* LaunchScreen.storyboard */ = {
			isa = PBXVariantGroup;
			children = (
				32DB383927F26F1E0033C3FA /* Base */,
			);
			name = LaunchScreen.storyboard;
			sourceTree = "<group>";
		};
/* End PBXVariantGroup section */

/* Begin XCBuildConfiguration section */
		32DB383C27F26F1E0033C3FA /* Debug */ = {
			isa = XCBuildConfiguration;
			buildSettings = {
				ALWAYS_SEARCH_USER_PATHS = NO;
				CLANG_ANALYZER_NONNULL = YES;
				CLANG_ANALYZER_NUMBER_OBJECT_CONVERSION = YES_AGGRESSIVE;
				CLANG_CXX_LANGUAGE_STANDARD = "gnu++17";
				CLANG_ENABLE_MODULES = YES;
				CLANG_ENABLE_OBJC_ARC = YES;
				CLANG_ENABLE_OBJC_WEAK = YES;
				CLANG_WARN_BLOCK_CAPTURE_AUTORELEASING = YES;
				CLANG_WARN_BOOL_CONVERSION = YES;
				CLANG_WARN_COMMA = YES;
				CLANG_WARN_CONSTANT_CONVERSION = YES;
				CLANG_WARN_DEPRECATED_OBJC_IMPLEMENTATIONS = YES;
				CLANG_WARN_DIRECT_OBJC_ISA_USAGE = YES_ERROR;
				CLANG_WARN_DOCUMENTATION_COMMENTS = YES;
				CLANG_WARN_EMPTY_BODY = YES;
				CLANG_WARN_ENUM_CONVERSION = YES;
				CLANG_WARN_INFINITE_RECURSION = YES;
				CLANG_WARN_INT_CONVERSION = YES;
				CLANG_WARN_NON_LITERAL_NULL_CONVERSION = YES;
				CLANG_WARN_OBJC_IMPLICIT_RETAIN_SELF = YES;
				CLANG_WARN_OBJC_LITERAL_CONVERSION = YES;
				CLANG_WARN_OBJC_ROOT_CLASS = YES_ERROR;
				CLANG_WARN_QUOTED_INCLUDE_IN_FRAMEWORK_HEADER = YES;
				CLANG_WARN_RANGE_LOOP_ANALYSIS = YES;
				CLANG_WARN_STRICT_PROTOTYPES = YES;
				CLANG_WARN_SUSPICIOUS_MOVE = YES;
				CLANG_WARN_UNGUARDED_AVAILABILITY = YES_AGGRESSIVE;
				CLANG_WARN_UNREACHABLE_CODE = YES;
				CLANG_WARN__DUPLICATE_METHOD_MATCH = YES;
				COPY_PHASE_STRIP = NO;
				DEBUG_INFORMATION_FORMAT = dwarf;
				ENABLE_STRICT_OBJC_MSGSEND = YES;
				ENABLE_TESTABILITY = YES;
				GCC_C_LANGUAGE_STANDARD = gnu11;
				GCC_DYNAMIC_NO_PIC = NO;
				GCC_NO_COMMON_BLOCKS = YES;
				GCC_OPTIMIZATION_LEVEL = 0;
				GCC_PREPROCESSOR_DEFINITIONS = (
					"DEBUG=1",
					"$(inherited)",
				);
				GCC_WARN_64_TO_32_BIT_CONVERSION = YES;
				GCC_WARN_ABOUT_RETURN_TYPE = YES_ERROR;
				GCC_WARN_UNDECLARED_SELECTOR = YES;
				GCC_WARN_UNINITIALIZED_AUTOS = YES_AGGRESSIVE;
				GCC_WARN_UNUSED_FUNCTION = YES;
				GCC_WARN_UNUSED_VARIABLE = YES;
				IPHONEOS_DEPLOYMENT_TARGET = 15.4;
				MTL_ENABLE_DEBUG_INFO = INCLUDE_SOURCE;
				MTL_FAST_MATH = YES;
				ONLY_ACTIVE_ARCH = YES;
				SDKROOT = iphoneos;
				SWIFT_ACTIVE_COMPILATION_CONDITIONS = DEBUG;
				SWIFT_OPTIMIZATION_LEVEL = "-Onone";
			};
			name = Debug;
		};
		32DB383D27F26F1E0033C3FA /* Release */ = {
			isa = XCBuildConfiguration;
			buildSettings = {
				ALWAYS_SEARCH_USER_PATHS = NO;
				CLANG_ANALYZER_NONNULL = YES;
				CLANG_ANALYZER_NUMBER_OBJECT_CONVERSION = YES_AGGRESSIVE;
				CLANG_CXX_LANGUAGE_STANDARD = "gnu++17";
				CLANG_ENABLE_MODULES = YES;
				CLANG_ENABLE_OBJC_ARC = YES;
				CLANG_ENABLE_OBJC_WEAK = YES;
				CLANG_WARN_BLOCK_CAPTURE_AUTORELEASING = YES;
				CLANG_WARN_BOOL_CONVERSION = YES;
				CLANG_WARN_COMMA = YES;
				CLANG_WARN_CONSTANT_CONVERSION = YES;
				CLANG_WARN_DEPRECATED_OBJC_IMPLEMENTATIONS = YES;
				CLANG_WARN_DIRECT_OBJC_ISA_USAGE = YES_ERROR;
				CLANG_WARN_DOCUMENTATION_COMMENTS = YES;
				CLANG_WARN_EMPTY_BODY = YES;
				CLANG_WARN_ENUM_CONVERSION = YES;
				CLANG_WARN_INFINITE_RECURSION = YES;
				CLANG_WARN_INT_CONVERSION = YES;
				CLANG_WARN_NON_LITERAL_NULL_CONVERSION = YES;
				CLANG_WARN_OBJC_IMPLICIT_RETAIN_SELF = YES;
				CLANG_WARN_OBJC_LITERAL_CONVERSION = YES;
				CLANG_WARN_OBJC_ROOT_CLASS = YES_ERROR;
				CLANG_WARN_QUOTED_INCLUDE_IN_FRAMEWORK_HEADER = YES;
				CLANG_WARN_RANGE_LOOP_ANALYSIS = YES;
				CLANG_WARN_STRICT_PROTOTYPES = YES;
				CLANG_WARN_SUSPICIOUS_MOVE = YES;
				CLANG_WARN_UNGUARDED_AVAILABILITY = YES_AGGRESSIVE;
				CLANG_WARN_UNREACHABLE_CODE = YES;
				CLANG_WARN__DUPLICATE_METHOD_MATCH = YES;
				COPY_PHASE_STRIP = NO;
				DEBUG_INFORMATION_FORMAT = "dwarf-with-dsym";
				ENABLE_NS_ASSERTIONS = NO;
				ENABLE_STRICT_OBJC_MSGSEND = YES;
				GCC_C_LANGUAGE_STANDARD = gnu11;
				GCC_NO_COMMON_BLOCKS = YES;
				GCC_WARN_64_TO_32_BIT_CONVERSION = YES;
				GCC_WARN_ABOUT_RETURN_TYPE = YES_ERROR;
				GCC_WARN_UNDECLARED_SELECTOR = YES;
				GCC_WARN_UNINITIALIZED_AUTOS = YES_AGGRESSIVE;
				GCC_WARN_UNUSED_FUNCTION = YES;
				GCC_WARN_UNUSED_VARIABLE = YES;
				IPHONEOS_DEPLOYMENT_TARGET = 15.4;
				MTL_ENABLE_DEBUG_INFO = NO;
				MTL_FAST_MATH = YES;
				SDKROOT = iphoneos;
				SWIFT_COMPILATION_MODE = wholemodule;
				SWIFT_OPTIMIZATION_LEVEL = "-O";
				VALIDATE_PRODUCT = YES;
			};
			name = Release;
		};
		32DB383F27F26F1E0033C3FA /* Debug */ = {
			isa = XCBuildConfiguration;
			baseConfigurationReference = 7946385146802D05180C995C /* Pods-trio-menu-app.debug.xcconfig */;
			buildSettings = {
				ASSETCATALOG_COMPILER_APPICON_NAME = AppIcon;
				ASSETCATALOG_COMPILER_GLOBAL_ACCENT_COLOR_NAME = AccentColor;
				CODE_SIGN_STYLE = Automatic;
				CURRENT_PROJECT_VERSION = 1;
				DEVELOPMENT_TEAM = XQ28PGR82S;
				GENERATE_INFOPLIST_FILE = YES;
				INFOPLIST_FILE = "trio-menu-app/Info.plist";
				INFOPLIST_KEY_UIApplicationSupportsIndirectInputEvents = YES;
				INFOPLIST_KEY_UILaunchStoryboardName = LaunchScreen;
				INFOPLIST_KEY_UIMainStoryboardFile = Main;
				INFOPLIST_KEY_UISupportedInterfaceOrientations_iPad = "UIInterfaceOrientationPortrait UIInterfaceOrientationPortraitUpsideDown UIInterfaceOrientationLandscapeLeft UIInterfaceOrientationLandscapeRight";
				INFOPLIST_KEY_UISupportedInterfaceOrientations_iPhone = "UIInterfaceOrientationPortrait UIInterfaceOrientationLandscapeLeft UIInterfaceOrientationLandscapeRight";
				LD_RUNPATH_SEARCH_PATHS = (
					"$(inherited)",
					"@executable_path/Frameworks",
				);
				MARKETING_VERSION = 1.0;
				PRODUCT_BUNDLE_IDENTIFIER = "com.renanmuller.trio-menu-app";
				PRODUCT_NAME = "$(TARGET_NAME)";
				SWIFT_EMIT_LOC_STRINGS = YES;
				SWIFT_VERSION = 5.0;
				TARGETED_DEVICE_FAMILY = "1,2";
			};
			name = Debug;
		};
		32DB384027F26F1E0033C3FA /* Release */ = {
			isa = XCBuildConfiguration;
			baseConfigurationReference = 2FC2647FBC10BDA8DE0F35E7 /* Pods-trio-menu-app.release.xcconfig */;
			buildSettings = {
				ASSETCATALOG_COMPILER_APPICON_NAME = AppIcon;
				ASSETCATALOG_COMPILER_GLOBAL_ACCENT_COLOR_NAME = AccentColor;
				CODE_SIGN_STYLE = Automatic;
				CURRENT_PROJECT_VERSION = 1;
				DEVELOPMENT_TEAM = XQ28PGR82S;
				GENERATE_INFOPLIST_FILE = YES;
				INFOPLIST_FILE = "trio-menu-app/Info.plist";
				INFOPLIST_KEY_UIApplicationSupportsIndirectInputEvents = YES;
				INFOPLIST_KEY_UILaunchStoryboardName = LaunchScreen;
				INFOPLIST_KEY_UIMainStoryboardFile = Main;
				INFOPLIST_KEY_UISupportedInterfaceOrientations_iPad = "UIInterfaceOrientationPortrait UIInterfaceOrientationPortraitUpsideDown UIInterfaceOrientationLandscapeLeft UIInterfaceOrientationLandscapeRight";
				INFOPLIST_KEY_UISupportedInterfaceOrientations_iPhone = "UIInterfaceOrientationPortrait UIInterfaceOrientationLandscapeLeft UIInterfaceOrientationLandscapeRight";
				LD_RUNPATH_SEARCH_PATHS = (
					"$(inherited)",
					"@executable_path/Frameworks",
				);
				MARKETING_VERSION = 1.0;
				PRODUCT_BUNDLE_IDENTIFIER = "com.renanmuller.trio-menu-app";
				PRODUCT_NAME = "$(TARGET_NAME)";
				SWIFT_EMIT_LOC_STRINGS = YES;
				SWIFT_VERSION = 5.0;
				TARGETED_DEVICE_FAMILY = "1,2";
			};
			name = Release;
		};
/* End XCBuildConfiguration section */

/* Begin XCConfigurationList section */
		32DB382527F26F1C0033C3FA /* Build configuration list for PBXProject "trio-menu-app" */ = {
			isa = XCConfigurationList;
			buildConfigurations = (
				32DB383C27F26F1E0033C3FA /* Debug */,
				32DB383D27F26F1E0033C3FA /* Release */,
			);
			defaultConfigurationIsVisible = 0;
			defaultConfigurationName = Release;
		};
		32DB383E27F26F1E0033C3FA /* Build configuration list for PBXNativeTarget "trio-menu-app" */ = {
			isa = XCConfigurationList;
			buildConfigurations = (
				32DB383F27F26F1E0033C3FA /* Debug */,
				32DB384027F26F1E0033C3FA /* Release */,
			);
			defaultConfigurationIsVisible = 0;
			defaultConfigurationName = Release;
		};
/* End XCConfigurationList section */
	};
	rootObject = 32DB382227F26F1C0033C3FA /* Project object */;
}
